
Microsoft Visual Studio Solution File, Format Version 12.00
# Visual Studio Version 16
VisualStudioVersion = 16.0.31105.61
MinimumVisualStudioVersion = 10.0.40219.1
Project("{FAE04EC0-301F-11D3-BF4B-00C04F79EFBC}") = "BT3_102190190_VoVanThanh", "BT3_102190190_VoVanThanh\BT3_102190190_VoVanThanh.csproj", "{3FDB1105-A757-4CE1-B046-1C3190812D82}"
EndProject
Global
	GlobalSection(SolutionConfigurationPlatforms) = preSolution
		Debug|Any CPU = Debug|Any CPU
		Release|Any CPU = Release|Any CPU
	EndGlobalSection
	GlobalSection(ProjectConfigurationPlatforms) = postSolution
		{3FDB1105-A757-4CE1-B046-1C3190812D82}.Debug|Any CPU.ActiveCfg = Debug|Any CPU
		{3FDB1105-A757-4CE1-B046-1C3190812D82}.Debug|Any CPU.Build.0 = Debug|Any CPU
		{3FDB1105-A757-4CE1-B046-1C3190812D82}.Release|Any CPU.ActiveCfg = Release|Any CPU
		{3FDB1105-A757-4CE1-B046-1C3190812D82}.Release|Any CPU.Build.0 = Release|Any CPU
	EndGlobalSection
	GlobalSection(SolutionProperties) = preSolution
		HideSolutionNode = FALSE
	EndGlobalSection
	GlobalSection(ExtensibilityGlobals) = postSolution
		SolutionGuid = {10802E7F-3676-4DEF-9401-8AE7E82869BD}
	EndGlobalSection
EndGlobal
