
Microsoft Visual Studio Solution File, Format Version 12.00
# Visual Studio Version 16
VisualStudioVersion = 16.0.31105.61
MinimumVisualStudioVersion = 10.0.40219.1
Project("{FAE04EC0-301F-11D3-BF4B-00C04F79EFBC}") = "EntityCodeFirst", "EntityCodeFirst\EntityCodeFirst.csproj", "{193EAAB2-879E-466F-89F8-9660AA024CDA}"
EndProject
Global
	GlobalSection(SolutionConfigurationPlatforms) = preSolution
		Debug|Any CPU = Debug|Any CPU
		Release|Any CPU = Release|Any CPU
	EndGlobalSection
	GlobalSection(ProjectConfigurationPlatforms) = postSolution
		{193EAAB2-879E-466F-89F8-9660AA024CDA}.Debug|Any CPU.ActiveCfg = Debug|Any CPU
		{193EAAB2-879E-466F-89F8-9660AA024CDA}.Debug|Any CPU.Build.0 = Debug|Any CPU
		{193EAAB2-879E-466F-89F8-9660AA024CDA}.Release|Any CPU.ActiveCfg = Release|Any CPU
		{193EAAB2-879E-466F-89F8-9660AA024CDA}.Release|Any CPU.Build.0 = Release|Any CPU
	EndGlobalSection
	GlobalSection(SolutionProperties) = preSolution
		HideSolutionNode = FALSE
	EndGlobalSection
	GlobalSection(ExtensibilityGlobals) = postSolution
		SolutionGuid = {53C8B5C4-3C50-4742-A709-EB5EEC3858CD}
	EndGlobalSection
EndGlobal
