
Microsoft Visual Studio Solution File, Format Version 12.00
# Visual Studio Version 16
VisualStudioVersion = 16.0.31105.61
MinimumVisualStudioVersion = 10.0.40219.1
Project("{FAE04EC0-301F-11D3-BF4B-00C04F79EFBC}") = "ConnectDBNet", "ConnectDBNet\ConnectDBNet.csproj", "{D6B268D4-668E-4BAE-99B5-BF63116A4244}"
EndProject
Global
	GlobalSection(SolutionConfigurationPlatforms) = preSolution
		Debug|Any CPU = Debug|Any CPU
		Release|Any CPU = Release|Any CPU
	EndGlobalSection
	GlobalSection(ProjectConfigurationPlatforms) = postSolution
		{D6B268D4-668E-4BAE-99B5-BF63116A4244}.Debug|Any CPU.ActiveCfg = Debug|Any CPU
		{D6B268D4-668E-4BAE-99B5-BF63116A4244}.Debug|Any CPU.Build.0 = Debug|Any CPU
		{D6B268D4-668E-4BAE-99B5-BF63116A4244}.Release|Any CPU.ActiveCfg = Release|Any CPU
		{D6B268D4-668E-4BAE-99B5-BF63116A4244}.Release|Any CPU.Build.0 = Release|Any CPU
	EndGlobalSection
	GlobalSection(SolutionProperties) = preSolution
		HideSolutionNode = FALSE
	EndGlobalSection
	GlobalSection(ExtensibilityGlobals) = postSolution
		SolutionGuid = {B1434A38-5AC0-4A45-A341-120F00EC985F}
	EndGlobalSection
EndGlobal
